
Microsoft Visual Studio Solution File, Format Version 12.00
# Visual Studio Version 16
VisualStudioVersion = 16.0.30011.22
MinimumVisualStudioVersion = 10.0.40219.1
Project("{FAE04EC0-301F-11D3-BF4B-00C04F79EFBC}") = "FUTLex", "FUTLex.csproj", "{6C23250B-FCC3-4FEF-93B5-0AD39CF08072}"
EndProject
Global
	GlobalSection(SolutionConfigurationPlatforms) = preSolution
		Debug|Any CPU = Debug|Any CPU
		Release|Any CPU = Release|Any CPU
	EndGlobalSection
	GlobalSection(ProjectConfigurationPlatforms) = postSolution
		{6C23250B-FCC3-4FEF-93B5-0AD39CF08072}.Debug|Any CPU.ActiveCfg = Debug|Any CPU
		{6C23250B-FCC3-4FEF-93B5-0AD39CF08072}.Debug|Any CPU.Build.0 = Debug|Any CPU
		{6C23250B-FCC3-4FEF-93B5-0AD39CF08072}.Release|Any CPU.ActiveCfg = Release|Any CPU
		{6C23250B-FCC3-4FEF-93B5-0AD39CF08072}.Release|Any CPU.Build.0 = Release|Any CPU
	EndGlobalSection
	GlobalSection(SolutionProperties) = preSolution
		HideSolutionNode = FALSE
	EndGlobalSection
	GlobalSection(ExtensibilityGlobals) = postSolution
		SolutionGuid = {388875D7-8F6D-49AC-B188-92283848400C}
	EndGlobalSection
EndGlobal
